
Microsoft Visual Studio Solution File, Format Version 12.00
# Visual Studio Version 17
VisualStudioVersion = 17.8.34227.203
MinimumVisualStudioVersion = 10.0.40219.1
Project("{FAE04EC0-301F-11D3-BF4B-00C04F79EFBC}") = "SyslogParsing", "SyslogParsing\SyslogParsing.csproj", "{8A322A15-7E23-4ABF-9455-105EDE1E7278}"
EndProject
Global
	GlobalSection(SolutionConfigurationPlatforms) = preSolution
		Debug|Any CPU = Debug|Any CPU
		Release|Any CPU = Release|Any CPU
	EndGlobalSection
	GlobalSection(ProjectConfigurationPlatforms) = postSolution
		{8A322A15-7E23-4ABF-9455-105EDE1E7278}.Debug|Any CPU.ActiveCfg = Debug|Any CPU
		{8A322A15-7E23-4ABF-9455-105EDE1E7278}.Debug|Any CPU.Build.0 = Debug|Any CPU
		{8A322A15-7E23-4ABF-9455-105EDE1E7278}.Release|Any CPU.ActiveCfg = Release|Any CPU
		{8A322A15-7E23-4ABF-9455-105EDE1E7278}.Release|Any CPU.Build.0 = Release|Any CPU
	EndGlobalSection
	GlobalSection(SolutionProperties) = preSolution
		HideSolutionNode = FALSE
	EndGlobalSection
	GlobalSection(ExtensibilityGlobals) = postSolution
		SolutionGuid = {2EE1A3BD-08D5-46C3-B93B-2C55F8AFDBB4}
	EndGlobalSection
EndGlobal
